github.com/aerogo/csp v0.1.10 h1:2PJf9gkdRvCFYOA0baTUyp34vwPp5ZJJX8GZRCYc/nM=
github.com/aerogo/csp v0.1.10/go.mod h1:UrxbTXv+X9kJatyuLeu2yGFpOiWVPjbqA/DzqxSVhl8=
github.com/aerogo/http v1.0.12 h1:1o5QW6TQLNuutQLuPCX0Tn7g/sSH3JMHv79UGIBpvkw=
github.com/aerogo/http v1.0.12/go.mod h1:nUN1X1Kyh7tj5hi0ufaqLhENHA0iF3nCoGZDSGabEog=
github.com/aerogo/http v1.1.1 h1:b7/19Did2TKmpeSWgByN1GBG2KnXlj4v6nZdKX6+yEE=
github.com/aerogo/http v1.1.1/go.mod h1:5VMFMcmM5djh6c7L/v++HUjFvVz+7ER2t2NfXRrzohk=
github.com/aerogo/linter-performance v1.0.6 h1:BrMKf+4s4hlKf7tV+B9/YQzTz7LKWmWZckPhyAn/+MY=
github.com/aerogo/linter-performance v1.0.6/go.mod h1:E5myVvu3+U1NmdW3c+A6xs9Me/U/Ey4Khz35uJdB5Yc=
github.com/aerogo/session v0.1.8 h1:l28Ii/YBfh4/vDWOc1YXLXg2vkHsRFuMLAeVhhl1eME=
github.com/aerogo/session v0.1.8/go.mod h1:Q9QqpT8nM6HTaklE14T+bzNSKrwW1M2wZ/NZV1HUTB0=
github.com/aerogo/session-store-memory v0.1.9 h1:1OswTCtyqzffX5aGr6jI3H8gt/hkU3LKNiKpia7ntcs=
github.com/aerogo/session-store-memory v0.1.9/go.mod h1:z4ZxP+xLVdH69F/Cvgy93v8fWzeDmiJo+Mm+Th3un4c=
github.com/akyoto/assert v0.2.2/go.mod h1:g5e6ag+ksCEQENq/LnmU9z04wCAIFDr8KacBusVL0H8=
github.com/akyoto/assert v0.2.3 h1:ftENRGDEK5AKuKmZb9LtbDIHeE8p8cIYI4M92CbA9nE=
github.com/akyoto/assert v0.2.3/go.mod h1:g5e6ag+ksCEQENq/LnmU9z04wCAIFDr8KacBusVL0H8=
github.com/akyoto/color v1.8.11 h1:uCQi+uRyngo1cJhJSv28PQmduGFiOAGNF6F9MFoRDek=
github.com/akyoto/color v1.8.11/go.mod h1:Q77HnNKrgGSfXOpkR7cuyazaOXQsKLWKbDPh2cy+jto=
github.com/akyoto/colorable v0.1.7 h1:ge91E25hiOiT/Zu47ij/rTO3cks7wMlTrcQspua1hFM=
github.com/akyoto/colorable v0.1.7/go.mod h1:zlc1+Es4DyoXzDdbKiSfvdM6R/DsWS8bFi4RHigkuu4=
github.com/akyoto/hash v0.4.8 h1:4PdsvyWLon+nMHsP4tZEZb7MiNFil16XqdwyWpY+uaQ=
github.com/akyoto/hash v0.4.8/go.mod h1:ukwV/qacn7OahWH01ogEYvmS4Y0y5yZpauSRhWTdmR8=
github.com/akyoto/stringutils v0.2.6 h1:IP+7jtH8uofpan8MYlV/WMNaLDGBRbzgiTKYnxcAwkw=
github.com/akyoto/stringutils v0.2.6/go.mod h1:OPVSI2QOvOGJ8GZoVdsS5BrAUb/l9zf63QgMvLPYOjQ=
github.com/akyoto/stringutils v0.3.0 h1:NJpcnpvp1dYmJAvuZapj1D5aEDRPv+c8vAva7qSklL4=
github.com/akyoto/stringutils v0.3.0/go.mod h1:v+Lr6tJxVd/Q1InaxsqaSXO+vSkG7MYMNc9Y9ul6Mkc=
github.com/akyoto/tty v0.1.3 h1:AdnLETzgooimWLvoBQLn5bT1j+i0yiB4E596BfFKnmA=
github.com/akyoto/tty v0.1.3/go.mod h1:+VlbvviCaiwhS4oGpO+iBtC0lYG1ilIs3ZhUnT1Ppgo=
github.com/akyoto/uuid v1.1.3 h1:FEz14tNTfaUeY0Jrkz2F17rjKiks6hOALGcPmAmtn1s=
github.com/akyoto/uuid v1.1.3/go.mod h1:8dgzDQyrpuApBGIQHOX7JkvCZHusXZ0tGlQcxxv4bYg=
github.com/zeebo/xxh3 v0.0.0-20191021174148-b56a7dc3d80c h1:3PaZXPP1fMCBSQzwmcfLs0pX9wOeZpKduDDcvp6lKCc=
github.com/zeebo/xxh3 v0.0.0-20191021174148-b56a7dc3d80c/go.mod h1:e/zZObEJWtkq6f+bAzme0xQJSGI75oxoeqS+f2I7YVI=
golang.org/x/sys v0.0.0-20190826190057-c7b8b68b1456 h1:ng0gs1AKnRRuEMZoTLLlbOd+C17zUDepwGQBb/n+JVg=
golang.org/x/sys v0.0.0-20190826190057-c7b8b68b1456/go.mod h1:h1NjWce9XRLGQEsW7wpKNCjG9DtNlClVuFLEZdDNbEs=
golang.org/x/sys v0.0.0-20191025090151-53bf42e6b339 h1:zSqWKgm/o7HAnlAzBQ+aetp9fpuyytsXnKA8eiLHYQM=
golang.org/x/sys v0.0.0-20191025090151-53bf42e6b339/go.mod h1:h1NjWce9XRLGQEsW7wpKNCjG9DtNlClVuFLEZdDNbEs=
