github.com/aerogo/csp v0.1.9 h1:7K8FujZkE62Wes0lXt9sTG0kf/pn3G3XkDwhmrTlnpY=
github.com/aerogo/csp v0.1.9/go.mod h1:xB+51XmDvkdRYsOCwVoG/D+aJGEJfi6KxqM3/zf2jZw=
github.com/aerogo/http v1.0.9 h1:ddgS613r1/XNNayvlQK1/hnSoR2GCOzIeO6wL0x84gQ=
github.com/aerogo/http v1.0.9/go.mod h1:qVlq+QszT9mFVL92hmMs71fqzA1DILTjNSucEWUdFmk=
github.com/aerogo/http v1.0.10 h1:CIFhdka8DjJ/vF2oxQVi+1lNi7LZp5xSmkEjbEwhrdI=
github.com/aerogo/http v1.0.10/go.mod h1:rG/KkSLgpcjuB9I8k+OWbQI9YbahHIridyva0AQdH70=
github.com/aerogo/linter-performance v1.0.5 h1:2tNBov+S/zuJ7Z0t2Yif2AYTfviNavJEGtfm1Sjyap4=
github.com/aerogo/linter-performance v1.0.5/go.mod h1:Frqz5+t0UnhaLy+zqU8FSXBne5D9Tt06EZh1ug2HZyY=
github.com/aerogo/session v0.1.7 h1:Natc9Pq9KIHDUBR/0YjdazckTdOWBItYmuDplGJJfFc=
github.com/aerogo/session v0.1.7/go.mod h1:6/99zuiGm8wzIPFGDlzv3636eLqhWR9cf0rRn/3IRJs=
github.com/aerogo/session-store-memory v0.1.6 h1:CZFuEkhL1NV4EFSwerPokuYHtYDXrePAipau/6xyM0Y=
github.com/aerogo/session-store-memory v0.1.6/go.mod h1:k3ElPubm0b+V/DV+pgtCLSArro/jbdS7niJ8uTKkvAQ=
github.com/akyoto/assert v0.1.3 h1:LlMrUom/k6Sp8GqptQqk3Cr6aDxxODbQO6AGIBB2oiY=
github.com/akyoto/assert v0.1.3/go.mod h1:g5e6ag+ksCEQENq/LnmU9z04wCAIFDr8KacBusVL0H8=
github.com/akyoto/assert v0.2.0 h1:lR7OHrbbBNNZFmRVS8I5MzS0ShLH36ZQVZVyg1bvs6A=
github.com/akyoto/assert v0.2.0/go.mod h1:g5e6ag+ksCEQENq/LnmU9z04wCAIFDr8KacBusVL0H8=
github.com/akyoto/assert v0.2.1 h1:oJ7kI9ITN0rQWkjDcc4FbaYMehVppAKtCcEWyPbRGik=
github.com/akyoto/assert v0.2.1/go.mod h1:g5e6ag+ksCEQENq/LnmU9z04wCAIFDr8KacBusVL0H8=
github.com/akyoto/color v1.8.7 h1:Sr9z8iFoFF9KMJpHmQH+raFaVrO3wHNFIkFdyQdTsVY=
github.com/akyoto/color v1.8.7/go.mod h1:eNfGr527GIJME/houfnrEIGiVlL5IJsOfuC2I+oby+4=
github.com/akyoto/color v1.8.8 h1:t9TlY9ZHPhcDbzJocbxQcyI9tpCvIBzlUZd4hontND0=
github.com/akyoto/color v1.8.8/go.mod h1:5tQRfUSJlJuhyCffpcHmfqNJ+0g8Ahu3u/A9QCrG1lo=
github.com/akyoto/colorable v0.1.3 h1:e8HALH6FekJKTaEtTU6gZY2u+WtSGcjdwr3t6wKO1Fs=
github.com/akyoto/colorable v0.1.3/go.mod h1:AUfZwbC9OzwBaIbVTyNpD2UmwPbh3ZQqpyrHzb2ZymY=
github.com/akyoto/hash v0.4.5 h1:hBP9L+likIkeJVxH28KwC/8jYOwo/+h4Ka4IVQj/gi4=
github.com/akyoto/hash v0.4.5/go.mod h1:fRQs5/IhjXUNXJesLJFwjUy905anxdT0aE5MGnoEtMA=
github.com/akyoto/stringutils v0.2.3 h1:ggwgzXEXEj5SPtZr/7uYC+creqvz33UfWz37561/no4=
github.com/akyoto/stringutils v0.2.3/go.mod h1:nyO78pc92gciYObsOGWasnQN/s18JEQusXtN/7iC2AM=
github.com/akyoto/stringutils v0.2.4 h1:VYW2FH2qjmQyJWZDSNFSP8btbSwJDoY0x14uiD/0OLU=
github.com/akyoto/stringutils v0.2.4/go.mod h1:nyO78pc92gciYObsOGWasnQN/s18JEQusXtN/7iC2AM=
github.com/akyoto/tty v0.1.0 h1:JsqLCfihFhY8TISBOQ6pEEJC0U954EJYMk5wjMEn5es=
github.com/akyoto/tty v0.1.0/go.mod h1:UMkevvI7yitoMBNoA9ALtJU0AL/6XGNkyuh9DqPvIOs=
github.com/akyoto/uuid v1.1.3 h1:FEz14tNTfaUeY0Jrkz2F17rjKiks6hOALGcPmAmtn1s=
github.com/akyoto/uuid v1.1.3/go.mod h1:8dgzDQyrpuApBGIQHOX7JkvCZHusXZ0tGlQcxxv4bYg=
github.com/davecgh/go-spew v1.1.0 h1:ZDRjVQ15GmhC3fiQ8ni8+OwkZQO4DARzQgrnXU1Liz8=
github.com/davecgh/go-spew v1.1.0/go.mod h1:J7Y8YcW2NihsgmVo/mv3lAwl/skON4iLHjSsI+c5H38=
github.com/davecgh/go-spew v1.1.1 h1:vj9j/u1bqnvCEfJOwUhtlOARqs3+rkHYY13jYWTU97c=
github.com/davecgh/go-spew v1.1.1/go.mod h1:J7Y8YcW2NihsgmVo/mv3lAwl/skON4iLHjSsI+c5H38=
github.com/google/gofuzz v1.0.0/go.mod h1:dBl0BpW6vV/+mYPU4Po3pmUjxk6FQPldtuIdl/M65Eg=
github.com/json-iterator/go v1.1.7 h1:KfgG9LzI+pYjr4xvmz/5H4FXjokeP+rlHLhv3iH62Fo=
github.com/json-iterator/go v1.1.7/go.mod h1:KdQUCv79m/52Kvf8AW2vK1V8akMuk1QjK/uOdHXbAo4=
github.com/kr/pretty v0.1.0 h1:L/CwN0zerZDmRFUapSPitk6f+Q3+0za1rQkzVuMiMFI=
github.com/kr/pretty v0.1.0/go.mod h1:dAy3ld7l9f0ibDNOQOHHMYYIIbhfbHSm3C4ZsoJORNo=
github.com/kr/pty v1.1.1/go.mod h1:pFQYn66WHrOpPYNljwOMqo10TkYh1fy3cYio2l3bCsQ=
github.com/kr/text v0.1.0 h1:45sCR5RtlFHMR4UwH9sdQ5TC8v0qDQCHnXt+kaKSTVE=
github.com/kr/text v0.1.0/go.mod h1:4Jbv+DJW3UT/LiOwJeYQe1efqtUx/iVham/4vfdArNI=
github.com/mattn/go-colorable v0.1.2 h1:/bC9yWikZXAL9uJdulbSfyVNIR3n3trXl+v8+1sx8mU=
github.com/mattn/go-colorable v0.1.2/go.mod h1:U0ppj6V5qS13XJ6of8GYAs25YV2eR4EVcfRqFIhoBtE=
github.com/mattn/go-isatty v0.0.8 h1:HLtExJ+uU2HOZ+wI0Tt5DtUDrx8yhUqDcp7fYERX4CE=
github.com/mattn/go-isatty v0.0.8/go.mod h1:Iq45c/XA43vh69/j3iqttzPXn0bhXyGjM0Hdxcsrc5s=
github.com/mattn/go-isatty v0.0.9 h1:d5US/mDsogSGW37IV293h//ZFaeajb69h+EHFsv2xGg=
github.com/mattn/go-isatty v0.0.9/go.mod h1:YNRxwqDuOph6SZLI9vUUz6OYw3QyUt7WiY2yME+cCiQ=
github.com/modern-go/concurrent v0.0.0-20180228061459-e0a39a4cb421/go.mod h1:6dJC0mAP4ikYIbvyc7fijjWJddQyLn8Ig3JB5CqoB9Q=
github.com/modern-go/concurrent v0.0.0-20180306012644-bacd9c7ef1dd h1:TRLaZ9cD/w8PVh93nsPXa1VrQ6jlwL5oN8l14QlcNfg=
github.com/modern-go/concurrent v0.0.0-20180306012644-bacd9c7ef1dd/go.mod h1:6dJC0mAP4ikYIbvyc7fijjWJddQyLn8Ig3JB5CqoB9Q=
github.com/modern-go/reflect2 v0.0.0-20180701023420-4b7aa43c6742/go.mod h1:bx2lNnkwVCuqBIxFjflWJWanXIb3RllmbCylyMrvgv0=
github.com/modern-go/reflect2 v1.0.1 h1:9f412s+6RmYXLWZSEzVVgPGK7C2PphHj5RJrvfx9AWI=
github.com/modern-go/reflect2 v1.0.1/go.mod h1:bx2lNnkwVCuqBIxFjflWJWanXIb3RllmbCylyMrvgv0=
github.com/pmezard/go-difflib v1.0.0 h1:4DBwDE0NGyQoBHbLQYPwSUPoCMWR5BEzIk/f1lZbAQM=
github.com/pmezard/go-difflib v1.0.0/go.mod h1:iKH77koFhYxTK1pcRnkKkqfTogsbg7gZNVY4sRDYZ/4=
github.com/stretchr/objx v0.1.0/go.mod h1:HFkY916IF+rwdDfMAkV7OtwuqBVzrE8GR6GFx+wExME=
github.com/stretchr/testify v1.3.0 h1:TivCn/peBQ7UY8ooIcPgZFpTNSz0Q2U6UrFlUfqbe0Q=
github.com/stretchr/testify v1.3.0/go.mod h1:M5WIy9Dh21IEIfnGCwXGc5bZfKNJtfHm1UVUgZn+9EI=
github.com/stretchr/testify v1.4.0 h1:2E4SXV/wtOkTonXsotYi4li6zVWxYlZuYNCXe9XRJyk=
github.com/stretchr/testify v1.4.0/go.mod h1:j7eGeouHqKxXV5pUuKE4zz7dFj8WfuZ+81PSLYec5m4=
github.com/zeebo/xxh3 v0.0.0-20190829032042-2e75bc3ac09d h1:uqXAN8sJKaJGpSaRDEFu75MQhGafwP89dkNvS0HVYsU=
github.com/zeebo/xxh3 v0.0.0-20190829032042-2e75bc3ac09d/go.mod h1:e/zZObEJWtkq6f+bAzme0xQJSGI75oxoeqS+f2I7YVI=
golang.org/x/sys v0.0.0-20190222072716-a9d3bda3a223 h1:DH4skfRX4EBpamg7iV4ZlCpblAHI6s6TDM39bFZumv8=
golang.org/x/sys v0.0.0-20190222072716-a9d3bda3a223/go.mod h1:STP8DvDyc/dI5b8T5hshtkjS+E42TnysNCUPdjciGhY=
golang.org/x/sys v0.0.0-20190813064441-fde4db37ae7a h1:aYOabOQFp6Vj6W1F80affTUvO9UxmJRx8K0gsfABByQ=
golang.org/x/sys v0.0.0-20190813064441-fde4db37ae7a/go.mod h1:h1NjWce9XRLGQEsW7wpKNCjG9DtNlClVuFLEZdDNbEs=
golang.org/x/sys v0.0.0-20190826190057-c7b8b68b1456 h1:ng0gs1AKnRRuEMZoTLLlbOd+C17zUDepwGQBb/n+JVg=
golang.org/x/sys v0.0.0-20190826190057-c7b8b68b1456/go.mod h1:h1NjWce9XRLGQEsW7wpKNCjG9DtNlClVuFLEZdDNbEs=
golang.org/x/sys v0.0.0-20190910064555-bbd175535a8b h1:3S2h5FadpNr0zUUCVZjlKIEYF+KaX/OBplTGo89CYHI=
golang.org/x/sys v0.0.0-20190910064555-bbd175535a8b/go.mod h1:h1NjWce9XRLGQEsW7wpKNCjG9DtNlClVuFLEZdDNbEs=
gopkg.in/check.v1 v0.0.0-20161208181325-20d25e280405/go.mod h1:Co6ibVJAznAaIkqp8huTwlJQCZ016jof/cbN4VW5Yz0=
gopkg.in/check.v1 v1.0.0-20180628173108-788fd7840127 h1:qIbj1fsPNlZgppZ+VLlY7N33q108Sa+fhmuc+sWQYwY=
gopkg.in/check.v1 v1.0.0-20180628173108-788fd7840127/go.mod h1:Co6ibVJAznAaIkqp8huTwlJQCZ016jof/cbN4VW5Yz0=
gopkg.in/yaml.v2 v2.2.2 h1:ZCJp+EgiOT7lHqUV2J862kp8Qj64Jo6az82+3Td9dZw=
gopkg.in/yaml.v2 v2.2.2/go.mod h1:hI93XBmqTisBFMUTm0b8Fm+jr3Dg1NNxqwp+5A1VGuI=
